
Microsoft Visual Studio Solution File, Format Version 12.00
# Visual Studio Version 16
VisualStudioVersion = 16.0.32602.291
MinimumVisualStudioVersion = 10.0.40219.1
Project("{FAE04EC0-301F-11D3-BF4B-00C04F79EFBC}") = "dolgi", "dolgi\dolgi.csproj", "{12D0920D-8326-46BA-B3A0-529553E3C48E}"
EndProject
Global
	GlobalSection(SolutionConfigurationPlatforms) = preSolution
		Debug|Any CPU = Debug|Any CPU
		Release|Any CPU = Release|Any CPU
	EndGlobalSection
	GlobalSection(ProjectConfigurationPlatforms) = postSolution
		{12D0920D-8326-46BA-B3A0-529553E3C48E}.Debug|Any CPU.ActiveCfg = Debug|Any CPU
		{12D0920D-8326-46BA-B3A0-529553E3C48E}.Debug|Any CPU.Build.0 = Debug|Any CPU
		{12D0920D-8326-46BA-B3A0-529553E3C48E}.Release|Any CPU.ActiveCfg = Release|Any CPU
		{12D0920D-8326-46BA-B3A0-529553E3C48E}.Release|Any CPU.Build.0 = Release|Any CPU
	EndGlobalSection
	GlobalSection(SolutionProperties) = preSolution
		HideSolutionNode = FALSE
	EndGlobalSection
	GlobalSection(ExtensibilityGlobals) = postSolution
		SolutionGuid = {6CB1CF8C-9F85-4708-993F-09837F866087}
	EndGlobalSection
EndGlobal
